
Microsoft Visual Studio Solution File, Format Version 12.00
# Visual Studio Version 16
VisualStudioVersion = 16.0.29911.84
MinimumVisualStudioVersion = 10.0.40219.1
Project("{FAE04EC0-301F-11D3-BF4B-00C04F79EFBC}") = "chess", "chess\chess.csproj", "{A037440B-C79F-48DB-ABC6-4B779267A05C}"
EndProject
Project("{FAE04EC0-301F-11D3-BF4B-00C04F79EFBC}") = "WPFM", "WPFM\WPFM.csproj", "{A55AC139-C56E-49CC-93C0-8D8F30A7113B}"
EndProject
Project("{FAE04EC0-301F-11D3-BF4B-00C04F79EFBC}") = "WpfChessCore", "WpfChessCore\WpfChessCore.csproj", "{0CDC5A2A-0D33-4352-946C-5BB314807EDA}"
EndProject
Global
	GlobalSection(SolutionConfigurationPlatforms) = preSolution
		Debug|Any CPU = Debug|Any CPU
		Release|Any CPU = Release|Any CPU
	EndGlobalSection
	GlobalSection(ProjectConfigurationPlatforms) = postSolution
		{A037440B-C79F-48DB-ABC6-4B779267A05C}.Debug|Any CPU.ActiveCfg = Debug|Any CPU
		{A037440B-C79F-48DB-ABC6-4B779267A05C}.Debug|Any CPU.Build.0 = Debug|Any CPU
		{A037440B-C79F-48DB-ABC6-4B779267A05C}.Release|Any CPU.ActiveCfg = Release|Any CPU
		{A037440B-C79F-48DB-ABC6-4B779267A05C}.Release|Any CPU.Build.0 = Release|Any CPU
		{A55AC139-C56E-49CC-93C0-8D8F30A7113B}.Debug|Any CPU.ActiveCfg = Debug|Any CPU
		{A55AC139-C56E-49CC-93C0-8D8F30A7113B}.Debug|Any CPU.Build.0 = Debug|Any CPU
		{A55AC139-C56E-49CC-93C0-8D8F30A7113B}.Release|Any CPU.ActiveCfg = Release|Any CPU
		{A55AC139-C56E-49CC-93C0-8D8F30A7113B}.Release|Any CPU.Build.0 = Release|Any CPU
		{0CDC5A2A-0D33-4352-946C-5BB314807EDA}.Debug|Any CPU.ActiveCfg = Debug|Any CPU
		{0CDC5A2A-0D33-4352-946C-5BB314807EDA}.Debug|Any CPU.Build.0 = Debug|Any CPU
		{0CDC5A2A-0D33-4352-946C-5BB314807EDA}.Release|Any CPU.ActiveCfg = Release|Any CPU
		{0CDC5A2A-0D33-4352-946C-5BB314807EDA}.Release|Any CPU.Build.0 = Release|Any CPU
	EndGlobalSection
	GlobalSection(SolutionProperties) = preSolution
		HideSolutionNode = FALSE
	EndGlobalSection
	GlobalSection(ExtensibilityGlobals) = postSolution
		SolutionGuid = {77B0548C-0394-426F-98C0-1EC835AEB6E1}
	EndGlobalSection
EndGlobal
